
Microsoft Visual Studio Solution File, Format Version 12.00
# Visual Studio Version 17
VisualStudioVersion = 17.13.35806.99
MinimumVisualStudioVersion = 10.0.40219.1
Project("{FAE04EC0-301F-11D3-BF4B-00C04F79EFBC}") = "DemoExam", "DemoExam\DemoExam.csproj", "{AB8C48FE-6D6D-40A4-89ED-B1FFCE9531BB}"
EndProject
Global
	GlobalSection(SolutionConfigurationPlatforms) = preSolution
		Debug|Any CPU = Debug|Any CPU
		Release|Any CPU = Release|Any CPU
	EndGlobalSection
	GlobalSection(ProjectConfigurationPlatforms) = postSolution
		{AB8C48FE-6D6D-40A4-89ED-B1FFCE9531BB}.Debug|Any CPU.ActiveCfg = Debug|Any CPU
		{AB8C48FE-6D6D-40A4-89ED-B1FFCE9531BB}.Debug|Any CPU.Build.0 = Debug|Any CPU
		{AB8C48FE-6D6D-40A4-89ED-B1FFCE9531BB}.Release|Any CPU.ActiveCfg = Release|Any CPU
		{AB8C48FE-6D6D-40A4-89ED-B1FFCE9531BB}.Release|Any CPU.Build.0 = Release|Any CPU
	EndGlobalSection
	GlobalSection(SolutionProperties) = preSolution
		HideSolutionNode = FALSE
	EndGlobalSection
	GlobalSection(ExtensibilityGlobals) = postSolution
		SolutionGuid = {461C672B-0564-4542-A10F-ABFCBCBEE272}
	EndGlobalSection
EndGlobal
